// !$*UTF8*$!
{
	archiveVersion = 1;
	classes = {
	};
	objectVersion = 56;
	objects = {

/* Begin PBXBuildFile section */
		EB026D38288A0E9900217953 /* Main.swift in Sources */ = {isa = PBXBuildFile; fileRef = EB026D37288A0E9900217953 /* Main.swift */; };
		EB026D43288A0FCF00217953 /* MonadicTypes.swift in Sources */ = {isa = PBXBuildFile; fileRef = EB026D42288A0FCF00217953 /* MonadicTypes.swift */; };
		EB026D47288A105600217953 /* Lex.swift in Sources */ = {isa = PBXBuildFile; fileRef = EB026D46288A105600217953 /* Lex.swift */; };
		EB026D4A288A159F00217953 /* Flexer in Frameworks */ = {isa = PBXBuildFile; productRef = EB026D49288A159F00217953 /* Flexer */; };
		EB80A2CD288A8AD500217953 /* REPL.swift in Sources */ = {isa = PBXBuildFile; fileRef = EB80A2CC288A8AD500217953 /* REPL.swift */; };
		EB80A2D0288A8B3500217953 /* Errors.swift in Sources */ = {isa = PBXBuildFile; fileRef = EB80A2CF288A8B3500217953 /* Errors.swift */; };
		EB80A2D3288A911600217953 /* ArgumentParser in Frameworks */ = {isa = PBXBuildFile; productRef = EB80A2D2288A911600217953 /* ArgumentParser */; };
		EB80A2D5288B053100217953 /* Interpreted.swift in Sources */ = {isa = PBXBuildFile; fileRef = EB80A2D4288B053100217953 /* Interpreted.swift */; };
/* End PBXBuildFile section */

/* Begin PBXCopyFilesBuildPhase section */
		EB026D32288A0E9900217953 /* CopyFiles */ = {
			isa = PBXCopyFilesBuildPhase;
			buildActionMask = 2147483647;
			dstPath = /usr/share/man/man1/;
			dstSubfolderSpec = 0;
			files = (
			);
			runOnlyForDeploymentPostprocessing = 1;
		};
/* End PBXCopyFilesBuildPhase section */

/* Begin PBXFileReference section */
		EB026D34288A0E9900217953 /* Rosalia */ = {isa = PBXFileReference; explicitFileType = "compiled.mach-o.executable"; includeInIndex = 0; path = Rosalia; sourceTree = BUILT_PRODUCTS_DIR; };
		EB026D37288A0E9900217953 /* Main.swift */ = {isa = PBXFileReference; lastKnownFileType = sourcecode.swift; path = Main.swift; sourceTree = "<group>"; };
		EB026D42288A0FCF00217953 /* MonadicTypes.swift */ = {isa = PBXFileReference; lastKnownFileType = sourcecode.swift; path = MonadicTypes.swift; sourceTree = "<group>"; };
		EB026D44288A101300217953 /* LICENSE */ = {isa = PBXFileReference; lastKnownFileType = text; path = LICENSE; sourceTree = "<group>"; };
		EB026D46288A105600217953 /* Lex.swift */ = {isa = PBXFileReference; lastKnownFileType = sourcecode.swift; path = Lex.swift; sourceTree = "<group>"; };
		EB80A2CC288A8AD500217953 /* REPL.swift */ = {isa = PBXFileReference; lastKnownFileType = sourcecode.swift; path = REPL.swift; sourceTree = "<group>"; };
		EB80A2CF288A8B3500217953 /* Errors.swift */ = {isa = PBXFileReference; lastKnownFileType = sourcecode.swift; path = Errors.swift; sourceTree = "<group>"; };
		EB80A2D4288B053100217953 /* Interpreted.swift */ = {isa = PBXFileReference; lastKnownFileType = sourcecode.swift; path = Interpreted.swift; sourceTree = "<group>"; };
/* End PBXFileReference section */

/* Begin PBXFrameworksBuildPhase section */
		EB026D31288A0E9900217953 /* Frameworks */ = {
			isa = PBXFrameworksBuildPhase;
			buildActionMask = 2147483647;
			files = (
				EB80A2D3288A911600217953 /* ArgumentParser in Frameworks */,
				EB026D4A288A159F00217953 /* Flexer in Frameworks */,
			);
			runOnlyForDeploymentPostprocessing = 0;
		};
/* End PBXFrameworksBuildPhase section */

/* Begin PBXGroup section */
		EB026D2B288A0E9900217953 = {
			isa = PBXGroup;
			children = (
				EB026D44288A101300217953 /* LICENSE */,
				EB026D36288A0E9900217953 /* Rosalia */,
				EB026D35288A0E9900217953 /* Products */,
			);
			sourceTree = "<group>";
		};
		EB026D35288A0E9900217953 /* Products */ = {
			isa = PBXGroup;
			children = (
				EB026D34288A0E9900217953 /* Rosalia */,
			);
			name = Products;
			sourceTree = "<group>";
		};
		EB026D36288A0E9900217953 /* Rosalia */ = {
			isa = PBXGroup;
			children = (
				EB026D41288A0FB600217953 /* types */,
				EB026D3E288A0EED00217953 /* cmd */,
				EB026D46288A105600217953 /* Lex.swift */,
			);
			path = Rosalia;
			sourceTree = "<group>";
		};
		EB026D3E288A0EED00217953 /* cmd */ = {
			isa = PBXGroup;
			children = (
				EB026D37288A0E9900217953 /* Main.swift */,
				EB80A2CC288A8AD500217953 /* REPL.swift */,
				EB80A2D4288B053100217953 /* Interpreted.swift */,
			);
			path = cmd;
			sourceTree = "<group>";
		};
		EB026D41288A0FB600217953 /* types */ = {
			isa = PBXGroup;
			children = (
				EB026D42288A0FCF00217953 /* MonadicTypes.swift */,
				EB80A2CF288A8B3500217953 /* Errors.swift */,
			);
			path = types;
			sourceTree = "<group>";
		};
/* End PBXGroup section */

/* Begin PBXNativeTarget section */
		EB026D33288A0E9900217953 /* Rosalia */ = {
			isa = PBXNativeTarget;
			buildConfigurationList = EB026D3B288A0E9900217953 /* Build configuration list for PBXNativeTarget "Rosalia" */;
			buildPhases = (
				EB026D30288A0E9900217953 /* Sources */,
				EB026D31288A0E9900217953 /* Frameworks */,
				EB026D32288A0E9900217953 /* CopyFiles */,
			);
			buildRules = (
			);
			dependencies = (
			);
			name = Rosalia;
			packageProductDependencies = (
				EB026D49288A159F00217953 /* Flexer */,
				EB80A2D2288A911600217953 /* ArgumentParser */,
			);
			productName = Rosalia;
			productReference = EB026D34288A0E9900217953 /* Rosalia */;
			productType = "com.apple.product-type.tool";
		};
/* End PBXNativeTarget section */

/* Begin PBXProject section */
		EB026D2C288A0E9900217953 /* Project object */ = {
			isa = PBXProject;
			attributes = {
				BuildIndependentTargetsInParallel = 1;
				LastSwiftUpdateCheck = 1400;
				LastUpgradeCheck = 1400;
				TargetAttributes = {
					EB026D33288A0E9900217953 = {
						CreatedOnToolsVersion = 14.0;
					};
				};
			};
			buildConfigurationList = EB026D2F288A0E9900217953 /* Build configuration list for PBXProject "Rosalia" */;
			compatibilityVersion = "Xcode 14.0";
			developmentRegion = en;
			hasScannedForEncodings = 0;
			knownRegions = (
				en,
				Base,
			);
			mainGroup = EB026D2B288A0E9900217953;
			packageReferences = (
				EB026D48288A159F00217953 /* XCRemoteSwiftPackageReference "Flexer" */,
				EB80A2D1288A911600217953 /* XCRemoteSwiftPackageReference "swift-argument-parser" */,
			);
			productRefGroup = EB026D35288A0E9900217953 /* Products */;
			projectDirPath = "";
			projectRoot = "";
			targets = (
				EB026D33288A0E9900217953 /* Rosalia */,
			);
		};
/* End PBXProject section */

/* Begin PBXSourcesBuildPhase section */
		EB026D30288A0E9900217953 /* Sources */ = {
			isa = PBXSourcesBuildPhase;
			buildActionMask = 2147483647;
			files = (
				EB80A2CD288A8AD500217953 /* REPL.swift in Sources */,
				EB80A2D0288A8B3500217953 /* Errors.swift in Sources */,
				EB026D47288A105600217953 /* Lex.swift in Sources */,
				EB026D38288A0E9900217953 /* Main.swift in Sources */,
				EB026D43288A0FCF00217953 /* MonadicTypes.swift in Sources */,
				EB80A2D5288B053100217953 /* Interpreted.swift in Sources */,
			);
			runOnlyForDeploymentPostprocessing = 0;
		};
/* End PBXSourcesBuildPhase section */

/* Begin XCBuildConfiguration section */
		EB026D39288A0E9900217953 /* Debug */ = {
			isa = XCBuildConfiguration;
			buildSettings = {
				ALWAYS_SEARCH_USER_PATHS = NO;
				CLANG_ANALYZER_NONNULL = YES;
				CLANG_ANALYZER_NUMBER_OBJECT_CONVERSION = YES_AGGRESSIVE;
				CLANG_CXX_LANGUAGE_STANDARD = "gnu++17";
				CLANG_ENABLE_MODULES = YES;
				CLANG_ENABLE_OBJC_ARC = YES;
				CLANG_ENABLE_OBJC_WEAK = YES;
				CLANG_WARN_BLOCK_CAPTURE_AUTORELEASING = YES;
				CLANG_WARN_BOOL_CONVERSION = YES;
				CLANG_WARN_COMMA = YES;
				CLANG_WARN_CONSTANT_CONVERSION = YES;
				CLANG_WARN_DEPRECATED_OBJC_IMPLEMENTATIONS = YES;
				CLANG_WARN_DIRECT_OBJC_ISA_USAGE = YES_ERROR;
				CLANG_WARN_DOCUMENTATION_COMMENTS = YES;
				CLANG_WARN_EMPTY_BODY = YES;
				CLANG_WARN_ENUM_CONVERSION = YES;
				CLANG_WARN_INFINITE_RECURSION = YES;
				CLANG_WARN_INT_CONVERSION = YES;
				CLANG_WARN_NON_LITERAL_NULL_CONVERSION = YES;
				CLANG_WARN_OBJC_IMPLICIT_RETAIN_SELF = YES;
				CLANG_WARN_OBJC_LITERAL_CONVERSION = YES;
				CLANG_WARN_OBJC_ROOT_CLASS = YES_ERROR;
				CLANG_WARN_QUOTED_INCLUDE_IN_FRAMEWORK_HEADER = YES;
				CLANG_WARN_RANGE_LOOP_ANALYSIS = YES;
				CLANG_WARN_STRICT_PROTOTYPES = YES;
				CLANG_WARN_SUSPICIOUS_MOVE = YES;
				CLANG_WARN_UNGUARDED_AVAILABILITY = YES_AGGRESSIVE;
				CLANG_WARN_UNREACHABLE_CODE = YES;
				CLANG_WARN__DUPLICATE_METHOD_MATCH = YES;
				COPY_PHASE_STRIP = NO;
				DEBUG_INFORMATION_FORMAT = dwarf;
				ENABLE_STRICT_OBJC_MSGSEND = YES;
				ENABLE_TESTABILITY = YES;
				GCC_C_LANGUAGE_STANDARD = gnu11;
				GCC_DYNAMIC_NO_PIC = NO;
				GCC_NO_COMMON_BLOCKS = YES;
				GCC_OPTIMIZATION_LEVEL = 0;
				GCC_PREPROCESSOR_DEFINITIONS = (
					"DEBUG=1",
					"$(inherited)",
				);
				GCC_WARN_64_TO_32_BIT_CONVERSION = YES;
				GCC_WARN_ABOUT_RETURN_TYPE = YES_ERROR;
				GCC_WARN_UNDECLARED_SELECTOR = YES;
				GCC_WARN_UNINITIALIZED_AUTOS = YES_AGGRESSIVE;
				GCC_WARN_UNUSED_FUNCTION = YES;
				GCC_WARN_UNUSED_VARIABLE = YES;
				MACOSX_DEPLOYMENT_TARGET = 13.0;
				MTL_ENABLE_DEBUG_INFO = INCLUDE_SOURCE;
				MTL_FAST_MATH = YES;
				ONLY_ACTIVE_ARCH = YES;
				SDKROOT = macosx;
				SWIFT_ACTIVE_COMPILATION_CONDITIONS = DEBUG;
				SWIFT_OPTIMIZATION_LEVEL = "-Onone";
			};
			name = Debug;
		};
		EB026D3A288A0E9900217953 /* Release */ = {
			isa = XCBuildConfiguration;
			buildSettings = {
				ALWAYS_SEARCH_USER_PATHS = NO;
				CLANG_ANALYZER_NONNULL = YES;
				CLANG_ANALYZER_NUMBER_OBJECT_CONVERSION = YES_AGGRESSIVE;
				CLANG_CXX_LANGUAGE_STANDARD = "gnu++17";
				CLANG_ENABLE_MODULES = YES;
				CLANG_ENABLE_OBJC_ARC = YES;
				CLANG_ENABLE_OBJC_WEAK = YES;
				CLANG_WARN_BLOCK_CAPTURE_AUTORELEASING = YES;
				CLANG_WARN_BOOL_CONVERSION = YES;
				CLANG_WARN_COMMA = YES;
				CLANG_WARN_CONSTANT_CONVERSION = YES;
				CLANG_WARN_DEPRECATED_OBJC_IMPLEMENTATIONS = YES;
				CLANG_WARN_DIRECT_OBJC_ISA_USAGE = YES_ERROR;
				CLANG_WARN_DOCUMENTATION_COMMENTS = YES;
				CLANG_WARN_EMPTY_BODY = YES;
				CLANG_WARN_ENUM_CONVERSION = YES;
				CLANG_WARN_INFINITE_RECURSION = YES;
				CLANG_WARN_INT_CONVERSION = YES;
				CLANG_WARN_NON_LITERAL_NULL_CONVERSION = YES;
				CLANG_WARN_OBJC_IMPLICIT_RETAIN_SELF = YES;
				CLANG_WARN_OBJC_LITERAL_CONVERSION = YES;
				CLANG_WARN_OBJC_ROOT_CLASS = YES_ERROR;
				CLANG_WARN_QUOTED_INCLUDE_IN_FRAMEWORK_HEADER = YES;
				CLANG_WARN_RANGE_LOOP_ANALYSIS = YES;
				CLANG_WARN_STRICT_PROTOTYPES = YES;
				CLANG_WARN_SUSPICIOUS_MOVE = YES;
				CLANG_WARN_UNGUARDED_AVAILABILITY = YES_AGGRESSIVE;
				CLANG_WARN_UNREACHABLE_CODE = YES;
				CLANG_WARN__DUPLICATE_METHOD_MATCH = YES;
				COPY_PHASE_STRIP = NO;
				DEBUG_INFORMATION_FORMAT = "dwarf-with-dsym";
				ENABLE_NS_ASSERTIONS = NO;
				ENABLE_STRICT_OBJC_MSGSEND = YES;
				GCC_C_LANGUAGE_STANDARD = gnu11;
				GCC_NO_COMMON_BLOCKS = YES;
				GCC_WARN_64_TO_32_BIT_CONVERSION = YES;
				GCC_WARN_ABOUT_RETURN_TYPE = YES_ERROR;
				GCC_WARN_UNDECLARED_SELECTOR = YES;
				GCC_WARN_UNINITIALIZED_AUTOS = YES_AGGRESSIVE;
				GCC_WARN_UNUSED_FUNCTION = YES;
				GCC_WARN_UNUSED_VARIABLE = YES;
				MACOSX_DEPLOYMENT_TARGET = 13.0;
				MTL_ENABLE_DEBUG_INFO = NO;
				MTL_FAST_MATH = YES;
				SDKROOT = macosx;
				SWIFT_COMPILATION_MODE = wholemodule;
				SWIFT_OPTIMIZATION_LEVEL = "-O";
			};
			name = Release;
		};
		EB026D3C288A0E9900217953 /* Debug */ = {
			isa = XCBuildConfiguration;
			buildSettings = {
				CODE_SIGN_STYLE = Automatic;
				DEVELOPMENT_TEAM = UN964XDAH7;
				ENABLE_HARDENED_RUNTIME = YES;
				PRODUCT_NAME = "$(TARGET_NAME)";
				SWIFT_VERSION = 5.0;
			};
			name = Debug;
		};
		EB026D3D288A0E9900217953 /* Release */ = {
			isa = XCBuildConfiguration;
			buildSettings = {
				CODE_SIGN_STYLE = Automatic;
				DEVELOPMENT_TEAM = UN964XDAH7;
				ENABLE_HARDENED_RUNTIME = YES;
				PRODUCT_NAME = "$(TARGET_NAME)";
				SWIFT_VERSION = 5.0;
			};
			name = Release;
		};
/* End XCBuildConfiguration section */

/* Begin XCConfigurationList section */
		EB026D2F288A0E9900217953 /* Build configuration list for PBXProject "Rosalia" */ = {
			isa = XCConfigurationList;
			buildConfigurations = (
				EB026D39288A0E9900217953 /* Debug */,
				EB026D3A288A0E9900217953 /* Release */,
			);
			defaultConfigurationIsVisible = 0;
			defaultConfigurationName = Release;
		};
		EB026D3B288A0E9900217953 /* Build configuration list for PBXNativeTarget "Rosalia" */ = {
			isa = XCConfigurationList;
			buildConfigurations = (
				EB026D3C288A0E9900217953 /* Debug */,
				EB026D3D288A0E9900217953 /* Release */,
			);
			defaultConfigurationIsVisible = 0;
			defaultConfigurationName = Release;
		};
/* End XCConfigurationList section */

/* Begin XCRemoteSwiftPackageReference section */
		EB026D48288A159F00217953 /* XCRemoteSwiftPackageReference "Flexer" */ = {
			isa = XCRemoteSwiftPackageReference;
			repositoryURL = "https://github.com/ChimeHQ/Flexer";
			requirement = {
				kind = upToNextMajorVersion;
				minimumVersion = 0.1.0;
			};
		};
		EB80A2D1288A911600217953 /* XCRemoteSwiftPackageReference "swift-argument-parser" */ = {
			isa = XCRemoteSwiftPackageReference;
			repositoryURL = "https://github.com/apple/swift-argument-parser.git";
			requirement = {
				kind = upToNextMajorVersion;
				minimumVersion = 1.0.0;
			};
		};
/* End XCRemoteSwiftPackageReference section */

/* Begin XCSwiftPackageProductDependency section */
		EB026D49288A159F00217953 /* Flexer */ = {
			isa = XCSwiftPackageProductDependency;
			package = EB026D48288A159F00217953 /* XCRemoteSwiftPackageReference "Flexer" */;
			productName = Flexer;
		};
		EB80A2D2288A911600217953 /* ArgumentParser */ = {
			isa = XCSwiftPackageProductDependency;
			package = EB80A2D1288A911600217953 /* XCRemoteSwiftPackageReference "swift-argument-parser" */;
			productName = ArgumentParser;
		};
/* End XCSwiftPackageProductDependency section */
	};
	rootObject = EB026D2C288A0E9900217953 /* Project object */;
}
